<?xml version="1.0" encoding="utf-8"?>
<Project ToolsVersion="4.0" xmlns="http://schemas.microsoft.com/developer/msbuild/2003">
  <ItemGroup>
    <ClCompile Include="3rdpart\Quantize.cpp">
      <Filter>3rdpart</Filter>
    </ClCompile>
    <ClCompile Include="3rdpart\simplexnoise1234.cc">
      <Filter>3rdpart</Filter>
    </ClCompile>
    <ClCompile Include="3rdpart\CxImage\ximage.cpp">
      <Filter>3rdpart\CxImage</Filter>
    </ClCompile>
    <ClCompile Include="3rdpart\CxImage\ximagif.cpp">
      <Filter>3rdpart\CxImage</Filter>
    </ClCompile>
    <ClCompile Include="sgf2gif.cc" />
    <ClCompile Include="pch.cc" />
    <ClCompile Include="3rdpart\CxImage\ximainfo.cpp">
      <Filter>3rdpart\CxImage</Filter>
    </ClCompile>
    <ClCompile Include="3rdpart\CxImage\tif_xfile.cpp">
      <Filter>3rdpart\CxImage</Filter>
    </ClCompile>
    <ClCompile Include="3rdpart\CxImage\ximaenc.cpp">
      <Filter>3rdpart\CxImage</Filter>
    </ClCompile>
    <ClCompile Include="3rdpart\CxImage\ximahist.cpp">
      <Filter>3rdpart\CxImage</Filter>
    </ClCompile>
    <ClCompile Include="3rdpart\CxImage\ximaint.cpp">
      <Filter>3rdpart\CxImage</Filter>
    </ClCompile>
    <ClCompile Include="3rdpart\CxImage\ximalpha.cpp">
      <Filter>3rdpart\CxImage</Filter>
    </ClCompile>
    <ClCompile Include="3rdpart\CxImage\ximalyr.cpp">
      <Filter>3rdpart\CxImage</Filter>
    </ClCompile>
    <ClCompile Include="3rdpart\CxImage\ximapal.cpp">
      <Filter>3rdpart\CxImage</Filter>
    </ClCompile>
    <ClCompile Include="3rdpart\CxImage\ximasel.cpp">
      <Filter>3rdpart\CxImage</Filter>
    </ClCompile>
    <ClCompile Include="3rdpart\CxImage\ximath.cpp">
      <Filter>3rdpart\CxImage</Filter>
    </ClCompile>
    <ClCompile Include="3rdpart\CxImage\ximatran.cpp">
      <Filter>3rdpart\CxImage</Filter>
    </ClCompile>
    <ClCompile Include="3rdpart\CxImage\ximawnd.cpp">
      <Filter>3rdpart\CxImage</Filter>
    </ClCompile>
    <ClCompile Include="3rdpart\CxImage\xmemfile.cpp">
      <Filter>3rdpart\CxImage</Filter>
    </ClCompile>
    <ClCompile Include="3rdpart\CxImage\ximadsp.cpp">
      <Filter>3rdpart\CxImage</Filter>
    </ClCompile>
    <ClCompile Include="3rdpart\CxImage\ximabmp.cpp">
      <Filter>3rdpart\CxImage</Filter>
    </ClCompile>
  </ItemGroup>
  <ItemGroup>
    <ClInclude Include="3rdpart\Quantize.h">
      <Filter>3rdpart</Filter>
    </ClInclude>
    <ClInclude Include="3rdpart\simplexnoise1234.h">
      <Filter>3rdpart</Filter>
    </ClInclude>
    <ClInclude Include="3rdpart\CxImage\ximage.h">
      <Filter>3rdpart\CxImage</Filter>
    </ClInclude>
    <ClInclude Include="3rdpart\CxImage\ximagif.h">
      <Filter>3rdpart\CxImage</Filter>
    </ClInclude>
    <ClInclude Include="res\resource.h">
      <Filter>res</Filter>
    </ClInclude>
    <ClInclude Include="pch.h" />
    <ClInclude Include="3rdpart\CxImage\stdint.h">
      <Filter>3rdpart\CxImage</Filter>
    </ClInclude>
    <ClInclude Include="3rdpart\CxImage\xfile.h">
      <Filter>3rdpart\CxImage</Filter>
    </ClInclude>
    <ClInclude Include="3rdpart\CxImage\ximacfg.h">
      <Filter>3rdpart\CxImage</Filter>
    </ClInclude>
    <ClInclude Include="3rdpart\CxImage\ximadef.h">
      <Filter>3rdpart\CxImage</Filter>
    </ClInclude>
    <ClInclude Include="3rdpart\CxImage\ximaiter.h">
      <Filter>3rdpart\CxImage</Filter>
    </ClInclude>
    <ClInclude Include="3rdpart\CxImage\ximath.h">
      <Filter>3rdpart\CxImage</Filter>
    </ClInclude>
    <ClInclude Include="3rdpart\CxImage\xiofile.h">
      <Filter>3rdpart\CxImage</Filter>
    </ClInclude>
    <ClInclude Include="3rdpart\CxImage\xmemfile.h">
      <Filter>3rdpart\CxImage</Filter>
    </ClInclude>
    <ClInclude Include="3rdpart\CxImage\ximabmp.h">
      <Filter>3rdpart\CxImage</Filter>
    </ClInclude>
  </ItemGroup>
  <ItemGroup>
    <Filter Include="3rdpart">
      <UniqueIdentifier>{9620bd4f-fa9f-4b3a-80f5-1483dda745e9}</UniqueIdentifier>
    </Filter>
    <Filter Include="3rdpart\CxImage">
      <UniqueIdentifier>{c233df75-c239-4f3b-b6c7-383d33da9671}</UniqueIdentifier>
    </Filter>
    <Filter Include="res">
      <UniqueIdentifier>{2bc56b49-19c6-466a-b3cb-a71d2cf937bd}</UniqueIdentifier>
    </Filter>
  </ItemGroup>
  <ItemGroup>
    <None Include="res\sgf2gif.ico">
      <Filter>res</Filter>
    </None>
    <None Include="3rdpart\readme.txt">
      <Filter>3rdpart</Filter>
    </None>
    <None Include="3rdpart\CxImage\cximage_license.txt">
      <Filter>3rdpart\CxImage</Filter>
    </None>
  </ItemGroup>
  <ItemGroup>
    <ResourceCompile Include="res\sgf2gif.rc">
      <Filter>res</Filter>
    </ResourceCompile>
    <ResourceCompile Include="res\sgf2gif.rc">
      <Filter>res</Filter>
    </ResourceCompile>
  </ItemGroup>
  <ItemGroup>
    <Manifest Include="res\xpstyle.manifest">
      <Filter>res</Filter>
    </Manifest>
  </ItemGroup>
</Project>